<?xml version="1.0" encoding="utf-8"?>
<Project ToolsVersion="4.0" xmlns="http://schemas.microsoft.com/developer/msbuild/2003">
  <ItemGroup>
    <Filter Include="Quelldateien">
      <UniqueIdentifier>{4FC737F1-C7A5-4376-A066-2A32D752A2FF}</UniqueIdentifier>
      <Extensions>cpp;c;cc;cxx;def;odl;idl;hpj;bat;asm;asmx</Extensions>
    </Filter>
    <Filter Include="Headerdateien">
      <UniqueIdentifier>{93995380-89BD-4b04-88EB-625FBE52EBFB}</UniqueIdentifier>
      <Extensions>h;hh;hpp;hxx;hm;inl;inc;ipp;xsd</Extensions>
    </Filter>
    <Filter Include="Ressourcendateien">
      <UniqueIdentifier>{67DA6AB6-F800-4c08-8B7A-83BB121AAD01}</UniqueIdentifier>
      <Extensions>rc;ico;cur;bmp;dlg;rc2;rct;bin;rgs;gif;jpg;jpeg;jpe;resx;tiff;tif;png;wav;mfcribbon-ms</Extensions>
    </Filter>
  </ItemGroup>
  <ItemGroup>
    <ResourceCompile Include="app.rc">
      <Filter>Ressourcendateien</Filter>
    </ResourceCompile>
  </ItemGroup>
  <ItemGroup>
    <ClInclude Include="Resource.h">
      <Filter>Headerdateien</Filter>
    </ClInclude>
    <ClInclude Include="pch.h">
      <Filter>Headerdateien</Filter>
    </ClInclude>
    <ClInclude Include="PanelDeInicio.h">
      <Filter>Headerdateien</Filter>
    </ClInclude>
    <ClInclude Include="ListaBasesDeDatos.h">
      <Filter>Headerdateien</Filter>
    </ClInclude>
    <ClInclude Include="NuevaBaseDeDatos.h">
      <Filter>Headerdateien</Filter>
    </ClInclude>
    <ClInclude Include="Consulta.h">
      <Filter>Headerdateien</Filter>
    </ClInclude>
    <ClInclude Include="NuevoDocumento.h">
      <Filter>Headerdateien</Filter>
    </ClInclude>
    <ClInclude Include="Funciones.h">
      <Filter>Headerdateien</Filter>
    </ClInclude>
    <ClInclude Include="EliminarBaseDeDatos.h">
      <Filter>Headerdateien</Filter>
    </ClInclude>
    <ClInclude Include="EliminarColeccion.h">
      <Filter>Headerdateien</Filter>
    </ClInclude>
    <ClInclude Include="EliminarDocumento.h">
      <Filter>Headerdateien</Filter>
    </ClInclude>
    <ClInclude Include="NuevaColeccion.h">
      <Filter>Headerdateien</Filter>
    </ClInclude>
    <ClInclude Include="ModificarDocumento.h">
      <Filter>Headerdateien</Filter>
    </ClInclude>
    <ClInclude Include="Botones_BaseDeDatos.h">
      <Filter>Headerdateien</Filter>
    </ClInclude>
    <ClInclude Include="Botones_Coleccion.h">
      <Filter>Headerdateien</Filter>
    </ClInclude>
    <ClInclude Include="Botones_Documento.h">
      <Filter>Headerdateien</Filter>
    </ClInclude>
    <ClInclude Include="Funciones_Archivos.h">
      <Filter>Headerdateien</Filter>
    </ClInclude>
    <ClInclude Include="Funciones_MongoDB.h">
      <Filter>Headerdateien</Filter>
    </ClInclude>
    <ClInclude Include="NuevaRelacion.h">
      <Filter>Headerdateien</Filter>
    </ClInclude>
    <ClInclude Include="Curiosidad.h">
      <Filter>Headerdateien</Filter>
    </ClInclude>
    <ClInclude Include="MostrarDocumentoPorID.h">
      <Filter>Headerdateien</Filter>
    </ClInclude>
    <ClInclude Include="NuevoMultimedia.h">
      <Filter>Headerdateien</Filter>
    </ClInclude>
    <ClInclude Include="Multimedia.h">
      <Filter>Headerdateien</Filter>
    </ClInclude>
    <ClInclude Include="ConsultaMultimedia.h">
      <Filter>Headerdateien</Filter>
    </ClInclude>
    <ClInclude Include="EliminarMultimedia.h">
      <Filter>Headerdateien</Filter>
    </ClInclude>
    <ClInclude Include="NuevaRelacionMultimedia.h">
      <Filter>Headerdateien</Filter>
    </ClInclude>
    <ClInclude Include="Botones_ArchivoMultimedia.h">
      <Filter>Headerdateien</Filter>
    </ClInclude>
  </ItemGroup>
  <ItemGroup>
    <ClCompile Include="main.cpp">
      <Filter>Quelldateien</Filter>
    </ClCompile>
    <ClCompile Include="AssemblyInfo.cpp">
      <Filter>Quelldateien</Filter>
    </ClCompile>
    <ClCompile Include="pch.cpp">
      <Filter>Quelldateien</Filter>
    </ClCompile>
    <ClCompile Include="PanelDeInicio.cpp">
      <Filter>Quelldateien</Filter>
    </ClCompile>
    <ClCompile Include="ListaBasesDeDatos.cpp">
      <Filter>Quelldateien</Filter>
    </ClCompile>
    <ClCompile Include="NuevaBaseDeDatos.cpp">
      <Filter>Quelldateien</Filter>
    </ClCompile>
    <ClCompile Include="Consulta.cpp">
      <Filter>Quelldateien</Filter>
    </ClCompile>
    <ClCompile Include="NuevoDocumento.cpp">
      <Filter>Quelldateien</Filter>
    </ClCompile>
    <ClCompile Include="Funciones.cpp">
      <Filter>Quelldateien</Filter>
    </ClCompile>
    <ClCompile Include="EliminarBaseDeDatos.cpp">
      <Filter>Quelldateien</Filter>
    </ClCompile>
    <ClCompile Include="EliminarColeccion.cpp">
      <Filter>Quelldateien</Filter>
    </ClCompile>
    <ClCompile Include="EliminarDocumento.cpp">
      <Filter>Quelldateien</Filter>
    </ClCompile>
    <ClCompile Include="NuevaColeccion.cpp">
      <Filter>Quelldateien</Filter>
    </ClCompile>
    <ClCompile Include="ModificarDocumento.cpp">
      <Filter>Quelldateien</Filter>
    </ClCompile>
    <ClCompile Include="Botones_BaseDeDatos.cpp">
      <Filter>Quelldateien</Filter>
    </ClCompile>
    <ClCompile Include="Botones_Coleccion.cpp">
      <Filter>Quelldateien</Filter>
    </ClCompile>
    <ClCompile Include="Botones_Documento.cpp">
      <Filter>Quelldateien</Filter>
    </ClCompile>
    <ClCompile Include="Funciones_Archivos.cpp">
      <Filter>Quelldateien</Filter>
    </ClCompile>
    <ClCompile Include="Funciones_MongoDB.cpp">
      <Filter>Quelldateien</Filter>
    </ClCompile>
    <ClCompile Include="NuevaRelacion.cpp">
      <Filter>Quelldateien</Filter>
    </ClCompile>
    <ClCompile Include="Curiosidad.cpp">
      <Filter>Quelldateien</Filter>
    </ClCompile>
    <ClCompile Include="MostrarDocumentoPorID.cpp">
      <Filter>Quelldateien</Filter>
    </ClCompile>
    <ClCompile Include="NuevoMultimedia.cpp">
      <Filter>Quelldateien</Filter>
    </ClCompile>
    <ClCompile Include="Multimedia.cpp">
      <Filter>Quelldateien</Filter>
    </ClCompile>
    <ClCompile Include="ConsultaMultimedia.cpp">
      <Filter>Quelldateien</Filter>
    </ClCompile>
    <ClCompile Include="EliminarMultimedia.cpp">
      <Filter>Quelldateien</Filter>
    </ClCompile>
    <ClCompile Include="NuevaRelacionMultimedia.cpp">
      <Filter>Quelldateien</Filter>
    </ClCompile>
    <ClCompile Include="Botones_ArchivoMultimedia.cpp">
      <Filter>Quelldateien</Filter>
    </ClCompile>
  </ItemGroup>
  <ItemGroup>
    <Image Include="app.ico">
      <Filter>Ressourcendateien</Filter>
    </Image>
  </ItemGroup>
</Project>